
Microsoft Visual Studio Solution File, Format Version 12.00
# Visual Studio 2013
VisualStudioVersion = 12.0.40629.0
MinimumVisualStudioVersion = 10.0.40219.1
Project("{FAE04EC0-301F-11D3-BF4B-00C04F79EFBC}") = "UnaryHeap.Utilities", "UnaryHeap.Utilities\UnaryHeap.Utilities.csproj", "{0AADB8CB-2E15-48AC-827D-1D364D1A4802}"
EndProject
Project("{FAE04EC0-301F-11D3-BF4B-00C04F79EFBC}") = "UnaryHeap.Utilities.Tests", "UnaryHeap.Utilities.Tests\UnaryHeap.Utilities.Tests.csproj", "{72DD4AF6-062D-4EE3-BA92-78409A529C58}"
EndProject
Project("{2150E333-8FDC-42A3-9474-1A3956D46DE8}") = ".nuget", ".nuget", "{B9E27D65-FCC6-4E63-8904-883EE0AF78DA}"
	ProjectSection(SolutionItems) = preProject
		.nuget\NuGet.Config = .nuget\NuGet.Config
		.nuget\NuGet.exe = .nuget\NuGet.exe
		.nuget\NuGet.targets = .nuget\NuGet.targets
	EndProjectSection
EndProject
Project("{FAE04EC0-301F-11D3-BF4B-00C04F79EFBC}") = "GraphRenderer", "GraphRenderer\GraphRenderer.csproj", "{50F5076D-2D60-44BF-B780-501AF3575CA2}"
EndProject
Project("{FAE04EC0-301F-11D3-BF4B-00C04F79EFBC}") = "PackageTool", "PackageTool\PackageTool.csproj", "{C650FB15-BC9D-462B-BCAF-A990DC3AE305}"
EndProject
Project("{FAE04EC0-301F-11D3-BF4B-00C04F79EFBC}") = "LintRoller", "LintRoller\LintRoller.csproj", "{8660CC7E-6219-4A29-8FEB-16F8CFC02329}"
EndProject
Project("{FAE04EC0-301F-11D3-BF4B-00C04F79EFBC}") = "MazeGenerator", "MazeGenerator\MazeGenerator.csproj", "{5205A9AB-617F-4417-B4C8-E25C46B190F2}"
EndProject
Global
	GlobalSection(TeamFoundationVersionControl) = preSolution
		SccNumberOfProjects = 7
		SccEnterpriseProvider = {4CA58AB2-18FA-4F8D-95D4-32DDF27D184C}
		SccTeamFoundationServer = https://tfs.codeplex.com/tfs/tfs40
		SccLocalPath0 = .
		SccProjectUniqueName1 = UnaryHeap.Utilities\\UnaryHeap.Utilities.csproj
		SccProjectName1 = UnaryHeap.Utilities
		SccLocalPath1 = UnaryHeap.Utilities
		SccProjectUniqueName2 = UnaryHeap.Utilities.Tests\\UnaryHeap.Utilities.Tests.csproj
		SccProjectName2 = UnaryHeap.Utilities.Tests
		SccLocalPath2 = UnaryHeap.Utilities.Tests
		SccProjectUniqueName3 = GraphRenderer\\GraphRenderer.csproj
		SccProjectName3 = GraphRenderer
		SccLocalPath3 = GraphRenderer
		SccProjectUniqueName4 = PackageTool\\PackageTool.csproj
		SccProjectName4 = PackageTool
		SccLocalPath4 = PackageTool
		SccProjectUniqueName5 = LintRoller\\LintRoller.csproj
		SccProjectName5 = LintRoller
		SccLocalPath5 = LintRoller
		SccProjectUniqueName6 = MazeGenerator\\MazeGenerator.csproj
		SccProjectName6 = MazeGenerator
		SccLocalPath6 = MazeGenerator
	EndGlobalSection
	GlobalSection(SolutionConfigurationPlatforms) = preSolution
		Debug|Any CPU = Debug|Any CPU
		Release|Any CPU = Release|Any CPU
	EndGlobalSection
	GlobalSection(ProjectConfigurationPlatforms) = postSolution
		{0AADB8CB-2E15-48AC-827D-1D364D1A4802}.Debug|Any CPU.ActiveCfg = Debug|Any CPU
		{0AADB8CB-2E15-48AC-827D-1D364D1A4802}.Debug|Any CPU.Build.0 = Debug|Any CPU
		{0AADB8CB-2E15-48AC-827D-1D364D1A4802}.Release|Any CPU.ActiveCfg = Release|Any CPU
		{0AADB8CB-2E15-48AC-827D-1D364D1A4802}.Release|Any CPU.Build.0 = Release|Any CPU
		{72DD4AF6-062D-4EE3-BA92-78409A529C58}.Debug|Any CPU.ActiveCfg = Debug|Any CPU
		{72DD4AF6-062D-4EE3-BA92-78409A529C58}.Debug|Any CPU.Build.0 = Debug|Any CPU
		{72DD4AF6-062D-4EE3-BA92-78409A529C58}.Release|Any CPU.ActiveCfg = Release|Any CPU
		{72DD4AF6-062D-4EE3-BA92-78409A529C58}.Release|Any CPU.Build.0 = Release|Any CPU
		{50F5076D-2D60-44BF-B780-501AF3575CA2}.Debug|Any CPU.ActiveCfg = Debug|Any CPU
		{50F5076D-2D60-44BF-B780-501AF3575CA2}.Debug|Any CPU.Build.0 = Debug|Any CPU
		{50F5076D-2D60-44BF-B780-501AF3575CA2}.Release|Any CPU.ActiveCfg = Release|Any CPU
		{50F5076D-2D60-44BF-B780-501AF3575CA2}.Release|Any CPU.Build.0 = Release|Any CPU
		{C650FB15-BC9D-462B-BCAF-A990DC3AE305}.Debug|Any CPU.ActiveCfg = Debug|Any CPU
		{C650FB15-BC9D-462B-BCAF-A990DC3AE305}.Debug|Any CPU.Build.0 = Debug|Any CPU
		{C650FB15-BC9D-462B-BCAF-A990DC3AE305}.Release|Any CPU.ActiveCfg = Release|Any CPU
		{C650FB15-BC9D-462B-BCAF-A990DC3AE305}.Release|Any CPU.Build.0 = Release|Any CPU
		{8660CC7E-6219-4A29-8FEB-16F8CFC02329}.Debug|Any CPU.ActiveCfg = Debug|Any CPU
		{8660CC7E-6219-4A29-8FEB-16F8CFC02329}.Debug|Any CPU.Build.0 = Debug|Any CPU
		{8660CC7E-6219-4A29-8FEB-16F8CFC02329}.Release|Any CPU.ActiveCfg = Release|Any CPU
		{8660CC7E-6219-4A29-8FEB-16F8CFC02329}.Release|Any CPU.Build.0 = Release|Any CPU
		{5205A9AB-617F-4417-B4C8-E25C46B190F2}.Debug|Any CPU.ActiveCfg = Debug|Any CPU
		{5205A9AB-617F-4417-B4C8-E25C46B190F2}.Debug|Any CPU.Build.0 = Debug|Any CPU
		{5205A9AB-617F-4417-B4C8-E25C46B190F2}.Release|Any CPU.ActiveCfg = Release|Any CPU
		{5205A9AB-617F-4417-B4C8-E25C46B190F2}.Release|Any CPU.Build.0 = Release|Any CPU
	EndGlobalSection
	GlobalSection(SolutionProperties) = preSolution
		HideSolutionNode = FALSE
	EndGlobalSection
EndGlobal
