
Microsoft Visual Studio Solution File, Format Version 12.00
# Visual Studio 14
VisualStudioVersion = 14.0.23107.0
MinimumVisualStudioVersion = 10.0.40219.1
Project("{8BC9CEB8-8B4A-11D0-8D11-00A0C91BC942}") = "Dewm", "Dewm\Dewm.vcxproj", "{203DAFC3-64A0-4333-9481-E8D532297754}"
EndProject
Global
	GlobalSection(SolutionConfigurationPlatforms) = preSolution
		Debug|x86 = Debug|x86
		Release|x86 = Release|x86
	EndGlobalSection
	GlobalSection(ProjectConfigurationPlatforms) = postSolution
		{203DAFC3-64A0-4333-9481-E8D532297754}.Debug|x86.ActiveCfg = Debug|Win32
		{203DAFC3-64A0-4333-9481-E8D532297754}.Debug|x86.Build.0 = Debug|Win32
		{203DAFC3-64A0-4333-9481-E8D532297754}.Release|x86.ActiveCfg = Release|Win32
		{203DAFC3-64A0-4333-9481-E8D532297754}.Release|x86.Build.0 = Release|Win32
	EndGlobalSection
	GlobalSection(SolutionProperties) = preSolution
		HideSolutionNode = FALSE
	EndGlobalSection
	GlobalSection(TeamFoundationVersionControl) = preSolution
		SccNumberOfProjects = 2
		SccEnterpriseProvider = {4CA58AB2-18FA-4F8D-95D4-32DDF27D184C}
		SccTeamFoundationServer = https://tfs.codeplex.com/tfs/tfs40
		SccLocalPath0 = .
		SccProjectUniqueName1 = Dewm\\Dewm.vcxproj
		SccProjectName1 = Dewm
		SccLocalPath1 = Dewm
	EndGlobalSection
EndGlobal
