
Microsoft Visual Studio Solution File, Format Version 12.00
# Visual Studio Version 17
VisualStudioVersion = 17.3.32922.545
MinimumVisualStudioVersion = 10.0.40219.1
Project("{9A19103F-16F7-4668-BE54-9A1E7A4F7556}") = "UnaryHeap.Utilities", "UnaryHeap.Utilities\UnaryHeap.Utilities.csproj", "{0AADB8CB-2E15-48AC-827D-1D364D1A4802}"
EndProject
Project("{9A19103F-16F7-4668-BE54-9A1E7A4F7556}") = "UnaryHeap.Utilities.Tests", "UnaryHeap.Utilities.Tests\UnaryHeap.Utilities.Tests.csproj", "{72DD4AF6-062D-4EE3-BA92-78409A529C58}"
	ProjectSection(ProjectDependencies) = postProject
		{0AADB8CB-2E15-48AC-827D-1D364D1A4802} = {0AADB8CB-2E15-48AC-827D-1D364D1A4802}
	EndProjectSection
EndProject
Project("{9A19103F-16F7-4668-BE54-9A1E7A4F7556}") = "GraphRenderer", "GraphRenderer\GraphRenderer.csproj", "{50F5076D-2D60-44BF-B780-501AF3575CA2}"
	ProjectSection(ProjectDependencies) = postProject
		{0AADB8CB-2E15-48AC-827D-1D364D1A4802} = {0AADB8CB-2E15-48AC-827D-1D364D1A4802}
	EndProjectSection
EndProject
Project("{9A19103F-16F7-4668-BE54-9A1E7A4F7556}") = "PackageTool", "PackageTool\PackageTool.csproj", "{C650FB15-BC9D-462B-BCAF-A990DC3AE305}"
EndProject
Project("{9A19103F-16F7-4668-BE54-9A1E7A4F7556}") = "LintRoller", "LintRoller\LintRoller.csproj", "{8660CC7E-6219-4A29-8FEB-16F8CFC02329}"
EndProject
Project("{9A19103F-16F7-4668-BE54-9A1E7A4F7556}") = "MazeGenerator", "MazeGenerator\MazeGenerator.csproj", "{5205A9AB-617F-4417-B4C8-E25C46B190F2}"
	ProjectSection(ProjectDependencies) = postProject
		{0AADB8CB-2E15-48AC-827D-1D364D1A4802} = {0AADB8CB-2E15-48AC-827D-1D364D1A4802}
	EndProjectSection
EndProject
Project("{9A19103F-16F7-4668-BE54-9A1E7A4F7556}") = "Patchwork", "Patchwork\Patchwork.csproj", "{5D018152-71A6-4FEC-9803-0392F8874971}"
	ProjectSection(ProjectDependencies) = postProject
		{0AADB8CB-2E15-48AC-827D-1D364D1A4802} = {0AADB8CB-2E15-48AC-827D-1D364D1A4802}
	EndProjectSection
EndProject
Project("{9A19103F-16F7-4668-BE54-9A1E7A4F7556}") = "GraphPaper", "GraphPaper\GraphPaper.csproj", "{E4A4A9E3-EE17-4E34-AFD0-572C04A825D4}"
	ProjectSection(ProjectDependencies) = postProject
		{0AADB8CB-2E15-48AC-827D-1D364D1A4802} = {0AADB8CB-2E15-48AC-827D-1D364D1A4802}
	EndProjectSection
EndProject
Project("{9A19103F-16F7-4668-BE54-9A1E7A4F7556}") = "UnaryHeap.GUI", "UnaryHeap.GUI\UnaryHeap.GUI.csproj", "{C8B91738-ADD3-442E-9A1D-61BB5D2DAFE9}"
EndProject
Project("{9A19103F-16F7-4668-BE54-9A1E7A4F7556}") = "UnaryHeap.Mosaic", "Unaryheap.Mosaic\UnaryHeap.Mosaic.csproj", "{29F8C720-6403-4E2D-BC36-FFFC0A858831}"
EndProject
Project("{9A19103F-16F7-4668-BE54-9A1E7A4F7556}") = "UnaryHeap.Graph", "UnaryHeap.Graph\UnaryHeap.Graph.csproj", "{AE3C3BA1-D4CD-4439-BD63-2E777834DA26}"
EndProject
Project("{9A19103F-16F7-4668-BE54-9A1E7A4F7556}") = "UnaryHeap.DataType", "UnaryHeap.DataTypes\UnaryHeap.DataType.csproj", "{CED1B317-A521-4555-9CF5-F4F3C67C3FBB}"
EndProject
Project("{9A19103F-16F7-4668-BE54-9A1E7A4F7556}") = "UnaryHeap.GraphAlgorithms", "UnaryHeap.GraphAlgorithms\UnaryHeap.GraphAlgorithms.csproj", "{ED64382F-7650-41DF-BB49-4D1FFBDF0E05}"
EndProject
Project("{9A19103F-16F7-4668-BE54-9A1E7A4F7556}") = "UnaryHeap.Algorithms", "UnaryHeap.Algorithms\UnaryHeap.Algorithms.csproj", "{B27D8892-AA49-4C1E-AD7D-A52BA9F6D323}"
EndProject
Global
	GlobalSection(SolutionConfigurationPlatforms) = preSolution
		Debug|Any CPU = Debug|Any CPU
		Release|Any CPU = Release|Any CPU
	EndGlobalSection
	GlobalSection(ProjectConfigurationPlatforms) = postSolution
		{0AADB8CB-2E15-48AC-827D-1D364D1A4802}.Debug|Any CPU.ActiveCfg = Debug|Any CPU
		{0AADB8CB-2E15-48AC-827D-1D364D1A4802}.Debug|Any CPU.Build.0 = Debug|Any CPU
		{0AADB8CB-2E15-48AC-827D-1D364D1A4802}.Release|Any CPU.ActiveCfg = Release|Any CPU
		{0AADB8CB-2E15-48AC-827D-1D364D1A4802}.Release|Any CPU.Build.0 = Release|Any CPU
		{72DD4AF6-062D-4EE3-BA92-78409A529C58}.Debug|Any CPU.ActiveCfg = Debug|Any CPU
		{72DD4AF6-062D-4EE3-BA92-78409A529C58}.Debug|Any CPU.Build.0 = Debug|Any CPU
		{72DD4AF6-062D-4EE3-BA92-78409A529C58}.Release|Any CPU.ActiveCfg = Release|Any CPU
		{72DD4AF6-062D-4EE3-BA92-78409A529C58}.Release|Any CPU.Build.0 = Release|Any CPU
		{50F5076D-2D60-44BF-B780-501AF3575CA2}.Debug|Any CPU.ActiveCfg = Debug|Any CPU
		{50F5076D-2D60-44BF-B780-501AF3575CA2}.Debug|Any CPU.Build.0 = Debug|Any CPU
		{50F5076D-2D60-44BF-B780-501AF3575CA2}.Release|Any CPU.ActiveCfg = Release|Any CPU
		{50F5076D-2D60-44BF-B780-501AF3575CA2}.Release|Any CPU.Build.0 = Release|Any CPU
		{C650FB15-BC9D-462B-BCAF-A990DC3AE305}.Debug|Any CPU.ActiveCfg = Debug|Any CPU
		{C650FB15-BC9D-462B-BCAF-A990DC3AE305}.Debug|Any CPU.Build.0 = Debug|Any CPU
		{C650FB15-BC9D-462B-BCAF-A990DC3AE305}.Release|Any CPU.ActiveCfg = Release|Any CPU
		{C650FB15-BC9D-462B-BCAF-A990DC3AE305}.Release|Any CPU.Build.0 = Release|Any CPU
		{8660CC7E-6219-4A29-8FEB-16F8CFC02329}.Debug|Any CPU.ActiveCfg = Debug|Any CPU
		{8660CC7E-6219-4A29-8FEB-16F8CFC02329}.Debug|Any CPU.Build.0 = Debug|Any CPU
		{8660CC7E-6219-4A29-8FEB-16F8CFC02329}.Release|Any CPU.ActiveCfg = Release|Any CPU
		{8660CC7E-6219-4A29-8FEB-16F8CFC02329}.Release|Any CPU.Build.0 = Release|Any CPU
		{5205A9AB-617F-4417-B4C8-E25C46B190F2}.Debug|Any CPU.ActiveCfg = Debug|Any CPU
		{5205A9AB-617F-4417-B4C8-E25C46B190F2}.Debug|Any CPU.Build.0 = Debug|Any CPU
		{5205A9AB-617F-4417-B4C8-E25C46B190F2}.Release|Any CPU.ActiveCfg = Release|Any CPU
		{5205A9AB-617F-4417-B4C8-E25C46B190F2}.Release|Any CPU.Build.0 = Release|Any CPU
		{5D018152-71A6-4FEC-9803-0392F8874971}.Debug|Any CPU.ActiveCfg = Debug|Any CPU
		{5D018152-71A6-4FEC-9803-0392F8874971}.Debug|Any CPU.Build.0 = Debug|Any CPU
		{5D018152-71A6-4FEC-9803-0392F8874971}.Release|Any CPU.ActiveCfg = Release|Any CPU
		{5D018152-71A6-4FEC-9803-0392F8874971}.Release|Any CPU.Build.0 = Release|Any CPU
		{E4A4A9E3-EE17-4E34-AFD0-572C04A825D4}.Debug|Any CPU.ActiveCfg = Debug|Any CPU
		{E4A4A9E3-EE17-4E34-AFD0-572C04A825D4}.Debug|Any CPU.Build.0 = Debug|Any CPU
		{E4A4A9E3-EE17-4E34-AFD0-572C04A825D4}.Release|Any CPU.ActiveCfg = Release|Any CPU
		{E4A4A9E3-EE17-4E34-AFD0-572C04A825D4}.Release|Any CPU.Build.0 = Release|Any CPU
		{C8B91738-ADD3-442E-9A1D-61BB5D2DAFE9}.Debug|Any CPU.ActiveCfg = Debug|Any CPU
		{C8B91738-ADD3-442E-9A1D-61BB5D2DAFE9}.Debug|Any CPU.Build.0 = Debug|Any CPU
		{C8B91738-ADD3-442E-9A1D-61BB5D2DAFE9}.Release|Any CPU.ActiveCfg = Release|Any CPU
		{C8B91738-ADD3-442E-9A1D-61BB5D2DAFE9}.Release|Any CPU.Build.0 = Release|Any CPU
		{29F8C720-6403-4E2D-BC36-FFFC0A858831}.Debug|Any CPU.ActiveCfg = Debug|Any CPU
		{29F8C720-6403-4E2D-BC36-FFFC0A858831}.Debug|Any CPU.Build.0 = Debug|Any CPU
		{29F8C720-6403-4E2D-BC36-FFFC0A858831}.Release|Any CPU.ActiveCfg = Release|Any CPU
		{29F8C720-6403-4E2D-BC36-FFFC0A858831}.Release|Any CPU.Build.0 = Release|Any CPU
		{AE3C3BA1-D4CD-4439-BD63-2E777834DA26}.Debug|Any CPU.ActiveCfg = Debug|Any CPU
		{AE3C3BA1-D4CD-4439-BD63-2E777834DA26}.Debug|Any CPU.Build.0 = Debug|Any CPU
		{AE3C3BA1-D4CD-4439-BD63-2E777834DA26}.Release|Any CPU.ActiveCfg = Release|Any CPU
		{AE3C3BA1-D4CD-4439-BD63-2E777834DA26}.Release|Any CPU.Build.0 = Release|Any CPU
		{CED1B317-A521-4555-9CF5-F4F3C67C3FBB}.Debug|Any CPU.ActiveCfg = Debug|Any CPU
		{CED1B317-A521-4555-9CF5-F4F3C67C3FBB}.Debug|Any CPU.Build.0 = Debug|Any CPU
		{CED1B317-A521-4555-9CF5-F4F3C67C3FBB}.Release|Any CPU.ActiveCfg = Release|Any CPU
		{CED1B317-A521-4555-9CF5-F4F3C67C3FBB}.Release|Any CPU.Build.0 = Release|Any CPU
		{ED64382F-7650-41DF-BB49-4D1FFBDF0E05}.Debug|Any CPU.ActiveCfg = Debug|Any CPU
		{ED64382F-7650-41DF-BB49-4D1FFBDF0E05}.Debug|Any CPU.Build.0 = Debug|Any CPU
		{ED64382F-7650-41DF-BB49-4D1FFBDF0E05}.Release|Any CPU.ActiveCfg = Release|Any CPU
		{ED64382F-7650-41DF-BB49-4D1FFBDF0E05}.Release|Any CPU.Build.0 = Release|Any CPU
		{B27D8892-AA49-4C1E-AD7D-A52BA9F6D323}.Debug|Any CPU.ActiveCfg = Debug|Any CPU
		{B27D8892-AA49-4C1E-AD7D-A52BA9F6D323}.Debug|Any CPU.Build.0 = Debug|Any CPU
		{B27D8892-AA49-4C1E-AD7D-A52BA9F6D323}.Release|Any CPU.ActiveCfg = Release|Any CPU
		{B27D8892-AA49-4C1E-AD7D-A52BA9F6D323}.Release|Any CPU.Build.0 = Release|Any CPU
	EndGlobalSection
	GlobalSection(SolutionProperties) = preSolution
		HideSolutionNode = FALSE
	EndGlobalSection
	GlobalSection(ExtensibilityGlobals) = postSolution
		SolutionGuid = {75A5955D-F283-4194-9CDD-FC51FA83F4C1}
	EndGlobalSection
EndGlobal
