
Microsoft Visual Studio Solution File, Format Version 12.00
# Visual Studio Version 16
VisualStudioVersion = 16.0.31911.196
MinimumVisualStudioVersion = 10.0.40219.1
Project("{9A19103F-16F7-4668-BE54-9A1E7A4F7556}") = "UnaryHeap.Utilities", "UnaryHeap.Utilities\UnaryHeap.Utilities.csproj", "{0AADB8CB-2E15-48AC-827D-1D364D1A4802}"
EndProject
Project("{9A19103F-16F7-4668-BE54-9A1E7A4F7556}") = "UnaryHeap.Utilities.Tests", "UnaryHeap.Utilities.Tests\UnaryHeap.Utilities.Tests.csproj", "{72DD4AF6-062D-4EE3-BA92-78409A529C58}"
EndProject
Project("{9A19103F-16F7-4668-BE54-9A1E7A4F7556}") = "GraphRenderer", "GraphRenderer\GraphRenderer.csproj", "{50F5076D-2D60-44BF-B780-501AF3575CA2}"
EndProject
Project("{9A19103F-16F7-4668-BE54-9A1E7A4F7556}") = "PackageTool", "PackageTool\PackageTool.csproj", "{C650FB15-BC9D-462B-BCAF-A990DC3AE305}"
EndProject
Project("{9A19103F-16F7-4668-BE54-9A1E7A4F7556}") = "LintRoller", "LintRoller\LintRoller.csproj", "{8660CC7E-6219-4A29-8FEB-16F8CFC02329}"
EndProject
Project("{9A19103F-16F7-4668-BE54-9A1E7A4F7556}") = "MazeGenerator", "MazeGenerator\MazeGenerator.csproj", "{5205A9AB-617F-4417-B4C8-E25C46B190F2}"
EndProject
Project("{9A19103F-16F7-4668-BE54-9A1E7A4F7556}") = "Patchwork", "Patchwork\Patchwork.csproj", "{5D018152-71A6-4FEC-9803-0392F8874971}"
EndProject
Project("{9A19103F-16F7-4668-BE54-9A1E7A4F7556}") = "GraphPaper", "GraphPaper\GraphPaper.csproj", "{E4A4A9E3-EE17-4E34-AFD0-572C04A825D4}"
EndProject
Project("{9A19103F-16F7-4668-BE54-9A1E7A4F7556}") = "Pocotheosis", "Pocotheosis\Pocotheosis.csproj", "{F25D6A6E-97A1-4A38-B232-2593559C46F9}"
EndProject
Project("{9A19103F-16F7-4668-BE54-9A1E7A4F7556}") = "Reversi", "Reversi\Reversi.csproj", "{EC421872-14BB-49B0-AC26-13571F6A5AB8}"
	ProjectSection(ProjectDependencies) = postProject
		{F25D6A6E-97A1-4A38-B232-2593559C46F9} = {F25D6A6E-97A1-4A38-B232-2593559C46F9}
	EndProjectSection
EndProject
Project("{9A19103F-16F7-4668-BE54-9A1E7A4F7556}") = "Pocotheosis.Tests", "Pocotheosis.Tests\Pocotheosis.Tests.csproj", "{BFF74451-D911-4BF5-9340-0AAB0A1B15C3}"
	ProjectSection(ProjectDependencies) = postProject
		{F25D6A6E-97A1-4A38-B232-2593559C46F9} = {F25D6A6E-97A1-4A38-B232-2593559C46F9}
	EndProjectSection
EndProject
Global
	GlobalSection(SolutionConfigurationPlatforms) = preSolution
		Debug|Any CPU = Debug|Any CPU
		Release|Any CPU = Release|Any CPU
	EndGlobalSection
	GlobalSection(ProjectConfigurationPlatforms) = postSolution
		{0AADB8CB-2E15-48AC-827D-1D364D1A4802}.Debug|Any CPU.ActiveCfg = Debug|Any CPU
		{0AADB8CB-2E15-48AC-827D-1D364D1A4802}.Debug|Any CPU.Build.0 = Debug|Any CPU
		{0AADB8CB-2E15-48AC-827D-1D364D1A4802}.Release|Any CPU.ActiveCfg = Release|Any CPU
		{0AADB8CB-2E15-48AC-827D-1D364D1A4802}.Release|Any CPU.Build.0 = Release|Any CPU
		{72DD4AF6-062D-4EE3-BA92-78409A529C58}.Debug|Any CPU.ActiveCfg = Debug|Any CPU
		{72DD4AF6-062D-4EE3-BA92-78409A529C58}.Debug|Any CPU.Build.0 = Debug|Any CPU
		{72DD4AF6-062D-4EE3-BA92-78409A529C58}.Release|Any CPU.ActiveCfg = Release|Any CPU
		{72DD4AF6-062D-4EE3-BA92-78409A529C58}.Release|Any CPU.Build.0 = Release|Any CPU
		{50F5076D-2D60-44BF-B780-501AF3575CA2}.Debug|Any CPU.ActiveCfg = Debug|Any CPU
		{50F5076D-2D60-44BF-B780-501AF3575CA2}.Debug|Any CPU.Build.0 = Debug|Any CPU
		{50F5076D-2D60-44BF-B780-501AF3575CA2}.Release|Any CPU.ActiveCfg = Release|Any CPU
		{50F5076D-2D60-44BF-B780-501AF3575CA2}.Release|Any CPU.Build.0 = Release|Any CPU
		{C650FB15-BC9D-462B-BCAF-A990DC3AE305}.Debug|Any CPU.ActiveCfg = Debug|Any CPU
		{C650FB15-BC9D-462B-BCAF-A990DC3AE305}.Debug|Any CPU.Build.0 = Debug|Any CPU
		{C650FB15-BC9D-462B-BCAF-A990DC3AE305}.Release|Any CPU.ActiveCfg = Release|Any CPU
		{C650FB15-BC9D-462B-BCAF-A990DC3AE305}.Release|Any CPU.Build.0 = Release|Any CPU
		{8660CC7E-6219-4A29-8FEB-16F8CFC02329}.Debug|Any CPU.ActiveCfg = Debug|Any CPU
		{8660CC7E-6219-4A29-8FEB-16F8CFC02329}.Debug|Any CPU.Build.0 = Debug|Any CPU
		{8660CC7E-6219-4A29-8FEB-16F8CFC02329}.Release|Any CPU.ActiveCfg = Release|Any CPU
		{8660CC7E-6219-4A29-8FEB-16F8CFC02329}.Release|Any CPU.Build.0 = Release|Any CPU
		{5205A9AB-617F-4417-B4C8-E25C46B190F2}.Debug|Any CPU.ActiveCfg = Debug|Any CPU
		{5205A9AB-617F-4417-B4C8-E25C46B190F2}.Debug|Any CPU.Build.0 = Debug|Any CPU
		{5205A9AB-617F-4417-B4C8-E25C46B190F2}.Release|Any CPU.ActiveCfg = Release|Any CPU
		{5205A9AB-617F-4417-B4C8-E25C46B190F2}.Release|Any CPU.Build.0 = Release|Any CPU
		{5D018152-71A6-4FEC-9803-0392F8874971}.Debug|Any CPU.ActiveCfg = Debug|Any CPU
		{5D018152-71A6-4FEC-9803-0392F8874971}.Debug|Any CPU.Build.0 = Debug|Any CPU
		{5D018152-71A6-4FEC-9803-0392F8874971}.Release|Any CPU.ActiveCfg = Release|Any CPU
		{5D018152-71A6-4FEC-9803-0392F8874971}.Release|Any CPU.Build.0 = Release|Any CPU
		{E4A4A9E3-EE17-4E34-AFD0-572C04A825D4}.Debug|Any CPU.ActiveCfg = Debug|Any CPU
		{E4A4A9E3-EE17-4E34-AFD0-572C04A825D4}.Debug|Any CPU.Build.0 = Debug|Any CPU
		{E4A4A9E3-EE17-4E34-AFD0-572C04A825D4}.Release|Any CPU.ActiveCfg = Release|Any CPU
		{E4A4A9E3-EE17-4E34-AFD0-572C04A825D4}.Release|Any CPU.Build.0 = Release|Any CPU
		{F25D6A6E-97A1-4A38-B232-2593559C46F9}.Debug|Any CPU.ActiveCfg = Debug|Any CPU
		{F25D6A6E-97A1-4A38-B232-2593559C46F9}.Debug|Any CPU.Build.0 = Debug|Any CPU
		{F25D6A6E-97A1-4A38-B232-2593559C46F9}.Release|Any CPU.ActiveCfg = Release|Any CPU
		{F25D6A6E-97A1-4A38-B232-2593559C46F9}.Release|Any CPU.Build.0 = Release|Any CPU
		{EC421872-14BB-49B0-AC26-13571F6A5AB8}.Debug|Any CPU.ActiveCfg = Debug|Any CPU
		{EC421872-14BB-49B0-AC26-13571F6A5AB8}.Debug|Any CPU.Build.0 = Debug|Any CPU
		{EC421872-14BB-49B0-AC26-13571F6A5AB8}.Release|Any CPU.ActiveCfg = Release|Any CPU
		{EC421872-14BB-49B0-AC26-13571F6A5AB8}.Release|Any CPU.Build.0 = Release|Any CPU
		{BFF74451-D911-4BF5-9340-0AAB0A1B15C3}.Debug|Any CPU.ActiveCfg = Debug|Any CPU
		{BFF74451-D911-4BF5-9340-0AAB0A1B15C3}.Debug|Any CPU.Build.0 = Debug|Any CPU
		{BFF74451-D911-4BF5-9340-0AAB0A1B15C3}.Release|Any CPU.ActiveCfg = Release|Any CPU
		{BFF74451-D911-4BF5-9340-0AAB0A1B15C3}.Release|Any CPU.Build.0 = Release|Any CPU
	EndGlobalSection
	GlobalSection(SolutionProperties) = preSolution
		HideSolutionNode = FALSE
	EndGlobalSection
	GlobalSection(ExtensibilityGlobals) = postSolution
		SolutionGuid = {75A5955D-F283-4194-9CDD-FC51FA83F4C1}
	EndGlobalSection
EndGlobal
